PODS:
  - IQKeyboardManagerSwift (6.5.4)
  - Pastel (0.6.0)
  - SwiftyShadow (1.7.0)
  - ViewAnimator (2.7.0)

DEPENDENCIES:
  - IQKeyboardManagerSwift
  - Pastel
  - SwiftyShadow (~> 1.7.0)
  - ViewAnimator

SPEC REPOS:
  trunk:
    - IQKeyboardManagerSwift
    - Pastel
    - SwiftyShadow
    - ViewAnimator

SPEC CHECKSUMS:
  IQKeyboardManagerSwift: 2dde0fc70110e8eac7ccce2a46fdbec6a850b414
  Pastel: 814f081efbe2859c37e65ee44f396e6e5be88619
  SwiftyShadow: d2697c62eb83759b7806466e3ea29de24c772c29
  ViewAnimator: 5af1c6f3b310f012bf081259c43717aa54fbae73

PODFILE CHECKSUM: ed66b7d6fde58ed4a92cddbf6aef4fbb435586a1

COCOAPODS: 1.8.4
